// !$*UTF8*$!
{
	archiveVersion = 1;
	classes = {
	};
	objectVersion = 77;
	objects = {

/* Begin PBXBuildFile section */
		57A0000C2F00000100000001 /* BikeComputerWatch.app in Embed Watch Content */ = {isa = PBXBuildFile; fileRef = 57A000012F00000100000001 /* BikeComputerWatch.app */; settings = {ATTRIBUTES = (RemoveHeadersOnCopy, ); }; };
		57A001032F00000100000001 /* WorkoutContractTests.swift in Sources */ = {isa = PBXBuildFile; fileRef = 57A001002F00000100000001 /* WorkoutContractTests.swift */; };
		57A001042F00000100000001 /* WorkoutContractTests.swift in Sources */ = {isa = PBXBuildFile; fileRef = 57A001002F00000100000001 /* WorkoutContractTests.swift */; };
		57A002012F00000100000001 /* WatchWorkoutRecoveryStore.swift in Sources */ = {isa = PBXBuildFile; fileRef = 57A002002F00000100000001 /* WatchWorkoutRecoveryStore.swift */; };
		57A002022F00000100000001 /* WatchWorkoutRecoveryStore.swift in Sources */ = {isa = PBXBuildFile; fileRef = 57A002002F00000100000001 /* WatchWorkoutRecoveryStore.swift */; };
		57A003032F00000100000001 /* WatchWorkoutManager.swift in Sources */ = {isa = PBXBuildFile; fileRef = 57A003002F00000100000001 /* WatchWorkoutManager.swift */; };
		57A003042F00000100000001 /* WatchRouteRecorder.swift in Sources */ = {isa = PBXBuildFile; fileRef = 57A003012F00000100000001 /* WatchRouteRecorder.swift */; };
		57A003052F00000100000001 /* WatchWorkoutManagerTests.swift in Sources */ = {isa = PBXBuildFile; fileRef = 57A003022F00000100000001 /* WatchWorkoutManagerTests.swift */; };
		57A004032F00000100000001 /* WorkoutMirrorManager.swift in Sources */ = {isa = PBXBuildFile; fileRef = 57A004002F00000100000001 /* WorkoutMirrorManager.swift */; };
		57A004042F00000100000001 /* WorkoutMetricsStore.swift in Sources */ = {isa = PBXBuildFile; fileRef = 57A004012F00000100000001 /* WorkoutMetricsStore.swift */; };
		57A004052F00000100000001 /* WorkoutMirrorManagerTests.swift in Sources */ = {isa = PBXBuildFile; fileRef = 57A004022F00000100000001 /* WorkoutMirrorManagerTests.swift */; };
		57A006012F00000100000001 /* WorkoutWatchAvailabilityMonitor.swift in Sources */ = {isa = PBXBuildFile; fileRef = 57A006002F00000100000001 /* WorkoutWatchAvailabilityMonitor.swift */; };
		57A006032F00000100000001 /* WatchHeartRateZoneSettingsReceiver.swift in Sources */ = {isa = PBXBuildFile; fileRef = 57A006022F00000100000001 /* WatchHeartRateZoneSettingsReceiver.swift */; };
		57A005012F00000100000001 /* Assets.xcassets in Resources */ = {isa = PBXBuildFile; fileRef = 57A005002F00000100000001 /* Assets.xcassets */; };
/* End PBXBuildFile section */

/* Begin PBXContainerItemProxy section */
		57A0000D2F00000100000001 /* PBXContainerItemProxy */ = {
			isa = PBXContainerItemProxy;
			containerPortal = 83E6EF8F2EED853C00AE5F9B /* Project object */;
			proxyType = 1;
			remoteGlobalIDString = 57A000072F00000100000001;
			remoteInfo = BikeComputerWatch;
		};
/* End PBXContainerItemProxy section */

/* Begin PBXCopyFilesBuildPhase section */
		57A0000B2F00000100000001 /* Embed Watch Content */ = {
			isa = PBXCopyFilesBuildPhase;
			buildActionMask = 2147483647;
			dstPath = "$(CONTENTS_FOLDER_PATH)/Watch";
			dstSubfolderSpec = 16;
			files = (
				57A0000C2F00000100000001 /* BikeComputerWatch.app in Embed Watch Content */,
			);
			name = "Embed Watch Content";
			runOnlyForDeploymentPostprocessing = 0;
		};
/* End PBXCopyFilesBuildPhase section */

/* Begin PBXFileReference section */
		83E6EF972EED853C00AE5F9B /* BikeComputer.app */ = {isa = PBXFileReference; explicitFileType = wrapper.application; includeInIndex = 0; path = BikeComputer.app; sourceTree = BUILT_PRODUCTS_DIR; };
		57A000012F00000100000001 /* BikeComputerWatch.app */ = {isa = PBXFileReference; explicitFileType = wrapper.application; includeInIndex = 0; path = BikeComputerWatch.app; sourceTree = BUILT_PRODUCTS_DIR; };
		57A001002F00000100000001 /* WorkoutContractTests.swift */ = {isa = PBXFileReference; lastKnownFileType = sourcecode.swift; name = WorkoutContractTests.swift; path = ../BikeComputerTests/WorkoutContractTests.swift; sourceTree = "<group>"; };
		57A001012F00000100000001 /* WorkoutContractiOSTests.xctest */ = {isa = PBXFileReference; explicitFileType = wrapper.cfbundle; includeInIndex = 0; path = WorkoutContractiOSTests.xctest; sourceTree = BUILT_PRODUCTS_DIR; };
		57A001022F00000100000001 /* WorkoutContractWatchTests.xctest */ = {isa = PBXFileReference; explicitFileType = wrapper.cfbundle; includeInIndex = 0; path = WorkoutContractWatchTests.xctest; sourceTree = BUILT_PRODUCTS_DIR; };
		57A002002F00000100000001 /* WatchWorkoutRecoveryStore.swift */ = {isa = PBXFileReference; lastKnownFileType = sourcecode.swift; name = "WatchWorkoutRecoveryStore.swift (Tests)"; path = BikeComputerWatch/Managers/WatchWorkoutRecoveryStore.swift; sourceTree = "<group>"; };
		57A003002F00000100000001 /* WatchWorkoutManager.swift */ = {isa = PBXFileReference; lastKnownFileType = sourcecode.swift; name = "WatchWorkoutManager.swift (Tests)"; path = BikeComputerWatch/Managers/WatchWorkoutManager.swift; sourceTree = "<group>"; };
		57A003012F00000100000001 /* WatchRouteRecorder.swift */ = {isa = PBXFileReference; lastKnownFileType = sourcecode.swift; name = "WatchRouteRecorder.swift (Tests)"; path = BikeComputerWatch/Managers/WatchRouteRecorder.swift; sourceTree = "<group>"; };
		57A003022F00000100000001 /* WatchWorkoutManagerTests.swift */ = {isa = PBXFileReference; lastKnownFileType = sourcecode.swift; path = BikeComputerWatchTests/WatchWorkoutManagerTests.swift; sourceTree = "<group>"; };
		57A004002F00000100000001 /* WorkoutMirrorManager.swift */ = {isa = PBXFileReference; lastKnownFileType = sourcecode.swift; path = BikeComputer/Managers/WorkoutMirrorManager.swift; sourceTree = "<group>"; };
		57A004012F00000100000001 /* WorkoutMetricsStore.swift */ = {isa = PBXFileReference; lastKnownFileType = sourcecode.swift; path = BikeComputer/Managers/WorkoutMetricsStore.swift; sourceTree = "<group>"; };
		57A004022F00000100000001 /* WorkoutMirrorManagerTests.swift */ = {isa = PBXFileReference; lastKnownFileType = sourcecode.swift; path = ../BikeComputerTests/WorkoutMirrorManagerTests.swift; sourceTree = "<group>"; };
		57A006002F00000100000001 /* WorkoutWatchAvailabilityMonitor.swift */ = {isa = PBXFileReference; lastKnownFileType = sourcecode.swift; name = "WorkoutWatchAvailabilityMonitor.swift (Tests)"; path = BikeComputer/Managers/WorkoutWatchAvailabilityMonitor.swift; sourceTree = "<group>"; };
		57A006022F00000100000001 /* WatchHeartRateZoneSettingsReceiver.swift */ = {isa = PBXFileReference; lastKnownFileType = sourcecode.swift; name = "WatchHeartRateZoneSettingsReceiver.swift (Tests)"; path = BikeComputerWatch/Managers/WatchHeartRateZoneSettingsReceiver.swift; sourceTree = "<group>"; };
		57A005002F00000100000001 /* Assets.xcassets */ = {isa = PBXFileReference; lastKnownFileType = folder.assetcatalog; path = BikeComputer/Assets.xcassets; sourceTree = "<group>"; };
/* End PBXFileReference section */

/* Begin PBXFileSystemSynchronizedBuildFileExceptionSet section */
		8388964C2EED8786004ACFB0 /* Exceptions for "BikeComputer" folder in "BikeComputer" target */ = {
			isa = PBXFileSystemSynchronizedBuildFileExceptionSet;
			membershipExceptions = (
				Info.plist,
				Info.plist.template,
			);
			target = 83E6EF962EED853C00AE5F9B /* BikeComputer */;
		};
		57A000032F00000100000001 /* Exceptions for "BikeComputerWatch" folder in "BikeComputerWatch" target */ = {
			isa = PBXFileSystemSynchronizedBuildFileExceptionSet;
			membershipExceptions = (
				Info.plist,
			);
			target = 57A000072F00000100000001 /* BikeComputerWatch */;
		};
/* End PBXFileSystemSynchronizedBuildFileExceptionSet section */

/* Begin PBXFileSystemSynchronizedRootGroup section */
		83E6EF992EED853C00AE5F9B /* BikeComputer */ = {
			isa = PBXFileSystemSynchronizedRootGroup;
			exceptions = (
				8388964C2EED8786004ACFB0 /* Exceptions for "BikeComputer" folder in "BikeComputer" target */,
			);
			path = BikeComputer;
			sourceTree = "<group>";
		};
		57A000022F00000100000001 /* BikeComputerWatch */ = {
			isa = PBXFileSystemSynchronizedRootGroup;
			exceptions = (
				57A000032F00000100000001 /* Exceptions for "BikeComputerWatch" folder in "BikeComputerWatch" target */,
			);
			path = BikeComputerWatch;
			sourceTree = "<group>";
		};
		57A0000F2F00000100000001 /* WorkoutShared */ = {
			isa = PBXFileSystemSynchronizedRootGroup;
			path = WorkoutShared;
			sourceTree = "<group>";
		};
/* End PBXFileSystemSynchronizedRootGroup section */

/* Begin PBXFrameworksBuildPhase section */
		83E6EF942EED853C00AE5F9B /* Frameworks */ = {
			isa = PBXFrameworksBuildPhase;
			buildActionMask = 2147483647;
			files = (
			);
			runOnlyForDeploymentPostprocessing = 0;
		};
		57A000052F00000100000001 /* Frameworks */ = {
			isa = PBXFrameworksBuildPhase;
			buildActionMask = 2147483647;
			files = (
			);
			runOnlyForDeploymentPostprocessing = 0;
		};
		57A001062F00000100000001 /* Frameworks */ = {
			isa = PBXFrameworksBuildPhase;
			buildActionMask = 2147483647;
			files = (
			);
			runOnlyForDeploymentPostprocessing = 0;
		};
		57A001092F00000100000001 /* Frameworks */ = {
			isa = PBXFrameworksBuildPhase;
			buildActionMask = 2147483647;
			files = (
			);
			runOnlyForDeploymentPostprocessing = 0;
		};
/* End PBXFrameworksBuildPhase section */

/* Begin PBXGroup section */
		83E6EF8E2EED853C00AE5F9B = {
			isa = PBXGroup;
			children = (
				83E6EF992EED853C00AE5F9B /* BikeComputer */,
				57A000022F00000100000001 /* BikeComputerWatch */,
				57A0000F2F00000100000001 /* WorkoutShared */,
				57A001002F00000100000001 /* WorkoutContractTests.swift */,
				57A002002F00000100000001 /* WatchWorkoutRecoveryStore.swift */,
				57A003002F00000100000001 /* WatchWorkoutManager.swift */,
				57A003012F00000100000001 /* WatchRouteRecorder.swift */,
				57A003022F00000100000001 /* WatchWorkoutManagerTests.swift */,
				57A004002F00000100000001 /* WorkoutMirrorManager.swift */,
				57A004012F00000100000001 /* WorkoutMetricsStore.swift */,
				57A004022F00000100000001 /* WorkoutMirrorManagerTests.swift */,
				57A006002F00000100000001 /* WorkoutWatchAvailabilityMonitor.swift */,
				57A006022F00000100000001 /* WatchHeartRateZoneSettingsReceiver.swift */,
				57A005002F00000100000001 /* Assets.xcassets */,
				83E6EF982EED853C00AE5F9B /* Products */,
			);
			sourceTree = "<group>";
		};
		83E6EF982EED853C00AE5F9B /* Products */ = {
			isa = PBXGroup;
			children = (
				83E6EF972EED853C00AE5F9B /* BikeComputer.app */,
				57A000012F00000100000001 /* BikeComputerWatch.app */,
				57A001012F00000100000001 /* WorkoutContractiOSTests.xctest */,
				57A001022F00000100000001 /* WorkoutContractWatchTests.xctest */,
			);
			name = Products;
			sourceTree = "<group>";
		};
/* End PBXGroup section */

/* Begin PBXNativeTarget section */
		83E6EF962EED853C00AE5F9B /* BikeComputer */ = {
			isa = PBXNativeTarget;
			buildConfigurationList = 83E6EFA22EED853D00AE5F9B /* Build configuration list for PBXNativeTarget "BikeComputer" */;
			buildPhases = (
				83E6EF932EED853C00AE5F9B /* Sources */,
				83E6EF942EED853C00AE5F9B /* Frameworks */,
				83E6EF952EED853C00AE5F9B /* Resources */,
				57A0000B2F00000100000001 /* Embed Watch Content */,
				4D53545245414D4944454E54 /* Generate Map Stream Build Identity */,
			);
			buildRules = (
			);
			dependencies = (
				57A0000E2F00000100000001 /* PBXTargetDependency */,
			);
			fileSystemSynchronizedGroups = (
				83E6EF992EED853C00AE5F9B /* BikeComputer */,
				57A0000F2F00000100000001 /* WorkoutShared */,
			);
			name = BikeComputer;
			packageProductDependencies = (
			);
			productName = BikeComputer;
			productReference = 83E6EF972EED853C00AE5F9B /* BikeComputer.app */;
			productType = "com.apple.product-type.application";
		};
		57A000072F00000100000001 /* BikeComputerWatch */ = {
			isa = PBXNativeTarget;
			buildConfigurationList = 57A0000A2F00000100000001 /* Build configuration list for PBXNativeTarget "BikeComputerWatch" */;
			buildPhases = (
				57A000042F00000100000001 /* Sources */,
				57A000052F00000100000001 /* Frameworks */,
				57A000062F00000100000001 /* Resources */,
			);
			buildRules = (
			);
			dependencies = (
			);
			fileSystemSynchronizedGroups = (
				57A000022F00000100000001 /* BikeComputerWatch */,
				57A0000F2F00000100000001 /* WorkoutShared */,
			);
			name = BikeComputerWatch;
			packageProductDependencies = (
			);
			productName = BikeComputerWatch;
			productReference = 57A000012F00000100000001 /* BikeComputerWatch.app */;
			productType = "com.apple.product-type.application";
		};
		57A0010B2F00000100000001 /* WorkoutContractiOSTests */ = {
			isa = PBXNativeTarget;
			buildConfigurationList = 57A001112F00000100000001 /* Build configuration list for PBXNativeTarget "WorkoutContractiOSTests" */;
			buildPhases = (
				57A001052F00000100000001 /* Sources */,
				57A001062F00000100000001 /* Frameworks */,
				57A001072F00000100000001 /* Resources */,
			);
			buildRules = (
			);
			dependencies = (
			);
			fileSystemSynchronizedGroups = (
				57A0000F2F00000100000001 /* WorkoutShared */,
			);
			name = WorkoutContractiOSTests;
			packageProductDependencies = (
			);
			productName = WorkoutContractiOSTests;
			productReference = 57A001012F00000100000001 /* WorkoutContractiOSTests.xctest */;
			productType = "com.apple.product-type.bundle.unit-test";
		};
		57A0010C2F00000100000001 /* WorkoutContractWatchTests */ = {
			isa = PBXNativeTarget;
			buildConfigurationList = 57A001122F00000100000001 /* Build configuration list for PBXNativeTarget "WorkoutContractWatchTests" */;
			buildPhases = (
				57A001082F00000100000001 /* Sources */,
				57A001092F00000100000001 /* Frameworks */,
				57A0010A2F00000100000001 /* Resources */,
			);
			buildRules = (
			);
			dependencies = (
			);
			fileSystemSynchronizedGroups = (
				57A0000F2F00000100000001 /* WorkoutShared */,
			);
			name = WorkoutContractWatchTests;
			packageProductDependencies = (
			);
			productName = WorkoutContractWatchTests;
			productReference = 57A001022F00000100000001 /* WorkoutContractWatchTests.xctest */;
			productType = "com.apple.product-type.bundle.unit-test";
		};
/* End PBXNativeTarget section */

/* Begin PBXProject section */
		83E6EF8F2EED853C00AE5F9B /* Project object */ = {
			isa = PBXProject;
			attributes = {
				BuildIndependentTargetsInParallel = 1;
				LastSwiftUpdateCheck = 2610;
				LastUpgradeCheck = 2610;
				TargetAttributes = {
					83E6EF962EED853C00AE5F9B = {
						CreatedOnToolsVersion = 26.1.1;
					};
					57A000072F00000100000001 = {
						CreatedOnToolsVersion = 26.6;
					};
					57A0010B2F00000100000001 = {
						CreatedOnToolsVersion = 26.6;
					};
					57A0010C2F00000100000001 = {
						CreatedOnToolsVersion = 26.6;
					};
				};
			};
			buildConfigurationList = 83E6EF922EED853C00AE5F9B /* Build configuration list for PBXProject "BikeComputer" */;
			developmentRegion = en;
			hasScannedForEncodings = 0;
			knownRegions = (
				en,
				Base,
			);
			mainGroup = 83E6EF8E2EED853C00AE5F9B;
			minimizedProjectReferenceProxies = 1;
			preferredProjectObjectVersion = 77;
			productRefGroup = 83E6EF982EED853C00AE5F9B /* Products */;
			projectDirPath = "";
			projectRoot = "";
			targets = (
				83E6EF962EED853C00AE5F9B /* BikeComputer */,
				57A000072F00000100000001 /* BikeComputerWatch */,
				57A0010B2F00000100000001 /* WorkoutContractiOSTests */,
				57A0010C2F00000100000001 /* WorkoutContractWatchTests */,
			);
		};
/* End PBXProject section */

/* Begin PBXResourcesBuildPhase section */
		83E6EF952EED853C00AE5F9B /* Resources */ = {
			isa = PBXResourcesBuildPhase;
			buildActionMask = 2147483647;
			files = (
			);
			runOnlyForDeploymentPostprocessing = 0;
		};
		57A000062F00000100000001 /* Resources */ = {
			isa = PBXResourcesBuildPhase;
			buildActionMask = 2147483647;
			files = (
				57A005012F00000100000001 /* Assets.xcassets in Resources */,
			);
			runOnlyForDeploymentPostprocessing = 0;
		};
		57A001072F00000100000001 /* Resources */ = {
			isa = PBXResourcesBuildPhase;
			buildActionMask = 2147483647;
			files = (
			);
			runOnlyForDeploymentPostprocessing = 0;
		};
		57A0010A2F00000100000001 /* Resources */ = {
			isa = PBXResourcesBuildPhase;
			buildActionMask = 2147483647;
			files = (
			);
			runOnlyForDeploymentPostprocessing = 0;
		};
/* End PBXResourcesBuildPhase section */

/* Begin PBXSourcesBuildPhase section */
		83E6EF932EED853C00AE5F9B /* Sources */ = {
			isa = PBXSourcesBuildPhase;
			buildActionMask = 2147483647;
			files = (
			);
			runOnlyForDeploymentPostprocessing = 0;
		};
		57A000042F00000100000001 /* Sources */ = {
			isa = PBXSourcesBuildPhase;
			buildActionMask = 2147483647;
			files = (
			);
			runOnlyForDeploymentPostprocessing = 0;
		};
		57A001052F00000100000001 /* Sources */ = {
			isa = PBXSourcesBuildPhase;
			buildActionMask = 2147483647;
			files = (
				57A001032F00000100000001 /* WorkoutContractTests.swift in Sources */,
				57A002012F00000100000001 /* WatchWorkoutRecoveryStore.swift in Sources */,
				57A004032F00000100000001 /* WorkoutMirrorManager.swift in Sources */,
				57A004042F00000100000001 /* WorkoutMetricsStore.swift in Sources */,
				57A004052F00000100000001 /* WorkoutMirrorManagerTests.swift in Sources */,
				57A006012F00000100000001 /* WorkoutWatchAvailabilityMonitor.swift in Sources */,
			);
			runOnlyForDeploymentPostprocessing = 0;
		};
		57A001082F00000100000001 /* Sources */ = {
			isa = PBXSourcesBuildPhase;
			buildActionMask = 2147483647;
			files = (
				57A001042F00000100000001 /* WorkoutContractTests.swift in Sources */,
				57A002022F00000100000001 /* WatchWorkoutRecoveryStore.swift in Sources */,
				57A003032F00000100000001 /* WatchWorkoutManager.swift in Sources */,
				57A003042F00000100000001 /* WatchRouteRecorder.swift in Sources */,
				57A003052F00000100000001 /* WatchWorkoutManagerTests.swift in Sources */,
				57A006032F00000100000001 /* WatchHeartRateZoneSettingsReceiver.swift in Sources */,
			);
			runOnlyForDeploymentPostprocessing = 0;
		};
/* End PBXSourcesBuildPhase section */

/* Begin PBXTargetDependency section */
		57A0000E2F00000100000001 /* PBXTargetDependency */ = {
			isa = PBXTargetDependency;
			target = 57A000072F00000100000001 /* BikeComputerWatch */;
			targetProxy = 57A0000D2F00000100000001 /* PBXContainerItemProxy */;
		};
/* End PBXTargetDependency section */

/* Begin PBXShellScriptBuildPhase section */
		4D53545245414D4944454E54 /* Generate Map Stream Build Identity */ = {
			isa = PBXShellScriptBuildPhase;
			alwaysOutOfDate = 1;
			buildActionMask = 2147483647;
			files = (
			);
			inputPaths = (
				"$(SRCROOT)/BikeComputer",
				"$(SRCROOT)/BikeComputer.xcodeproj/project.pbxproj",
				"$(SRCROOT)/../scripts/generate_map_stream_app_build_identity.py",
			);
			name = "Generate Map Stream Build Identity";
			outputPaths = (
				"$(TARGET_BUILD_DIR)/$(UNLOCALIZED_RESOURCES_FOLDER_PATH)/MapStreamBuildIdentity.json",
			);
			runOnlyForDeploymentPostprocessing = 0;
			shellPath = /bin/sh;
			shellScript = "/usr/bin/python3 \"$SRCROOT/../scripts/generate_map_stream_app_build_identity.py\" --repo-root \"$SRCROOT/../..\" --output \"$TARGET_BUILD_DIR/$UNLOCALIZED_RESOURCES_FOLDER_PATH/MapStreamBuildIdentity.json\" --build \"$CURRENT_PROJECT_VERSION\" --configuration \"$CONFIGURATION\" --platform \"$PLATFORM_NAME\" --architectures \"$ARCHS\" --xcode-version \"$XCODE_VERSION_ACTUAL\" --sdk-build \"${SDK_PRODUCT_BUILD_VERSION:-$SDK_VERSION}\" --swift-version \"$SWIFT_VERSION\" --deployment-target \"$IPHONEOS_DEPLOYMENT_TARGET\"";
		};
/* End PBXShellScriptBuildPhase section */

/* Begin XCBuildConfiguration section */
		83E6EFA02EED853D00AE5F9B /* Debug */ = {
			isa = XCBuildConfiguration;
			buildSettings = {
				ALWAYS_SEARCH_USER_PATHS = NO;
				ASSETCATALOG_COMPILER_GENERATE_SWIFT_ASSET_SYMBOL_EXTENSIONS = YES;
				CLANG_ANALYZER_NONNULL = YES;
				CLANG_ANALYZER_NUMBER_OBJECT_CONVERSION = YES_AGGRESSIVE;
				CLANG_CXX_LANGUAGE_STANDARD = "gnu++20";
				CLANG_ENABLE_MODULES = YES;
				CLANG_ENABLE_OBJC_ARC = YES;
				CLANG_ENABLE_OBJC_WEAK = YES;
				CLANG_WARN_BLOCK_CAPTURE_AUTORELEASING = YES;
				CLANG_WARN_BOOL_CONVERSION = YES;
				CLANG_WARN_COMMA = YES;
				CLANG_WARN_CONSTANT_CONVERSION = YES;
				CLANG_WARN_DEPRECATED_OBJC_IMPLEMENTATIONS = YES;
				CLANG_WARN_DIRECT_OBJC_ISA_USAGE = YES_ERROR;
				CLANG_WARN_DOCUMENTATION_COMMENTS = YES;
				CLANG_WARN_EMPTY_BODY = YES;
				CLANG_WARN_ENUM_CONVERSION = YES;
				CLANG_WARN_INFINITE_RECURSION = YES;
				CLANG_WARN_INT_CONVERSION = YES;
				CLANG_WARN_NON_LITERAL_NULL_CONVERSION = YES;
				CLANG_WARN_OBJC_IMPLICIT_RETAIN_SELF = YES;
				CLANG_WARN_OBJC_LITERAL_CONVERSION = YES;
				CLANG_WARN_OBJC_ROOT_CLASS = YES_ERROR;
				CLANG_WARN_QUOTED_INCLUDE_IN_FRAMEWORK_HEADER = YES;
				CLANG_WARN_RANGE_LOOP_ANALYSIS = YES;
				CLANG_WARN_STRICT_PROTOTYPES = YES;
				CLANG_WARN_SUSPICIOUS_MOVE = YES;
				CLANG_WARN_UNGUARDED_AVAILABILITY = YES_AGGRESSIVE;
				CLANG_WARN_UNREACHABLE_CODE = YES;
				CLANG_WARN__DUPLICATE_METHOD_MATCH = YES;
				COPY_PHASE_STRIP = NO;
				DEBUG_INFORMATION_FORMAT = dwarf;
				ENABLE_STRICT_OBJC_MSGSEND = YES;
				ENABLE_TESTABILITY = YES;
				ENABLE_USER_SCRIPT_SANDBOXING = YES;
				GCC_C_LANGUAGE_STANDARD = gnu17;
				GCC_DYNAMIC_NO_PIC = NO;
				GCC_NO_COMMON_BLOCKS = YES;
				GCC_OPTIMIZATION_LEVEL = 0;
				GCC_PREPROCESSOR_DEFINITIONS = (
					"DEBUG=1",
					"$(inherited)",
				);
				GCC_WARN_64_TO_32_BIT_CONVERSION = YES;
				GCC_WARN_ABOUT_RETURN_TYPE = YES_ERROR;
				GCC_WARN_UNDECLARED_SELECTOR = YES;
				GCC_WARN_UNINITIALIZED_AUTOS = YES_AGGRESSIVE;
				GCC_WARN_UNUSED_FUNCTION = YES;
				GCC_WARN_UNUSED_VARIABLE = YES;
				IPHONEOS_DEPLOYMENT_TARGET = 26.1;
				LOCALIZATION_PREFERS_STRING_CATALOGS = YES;
				MTL_ENABLE_DEBUG_INFO = INCLUDE_SOURCE;
				MTL_FAST_MATH = YES;
				ONLY_ACTIVE_ARCH = YES;
				SDKROOT = iphoneos;
				SWIFT_ACTIVE_COMPILATION_CONDITIONS = "DEBUG $(inherited)";
				SWIFT_OPTIMIZATION_LEVEL = "-Onone";
			};
			name = Debug;
		};
		83E6EFA12EED853D00AE5F9B /* Release */ = {
			isa = XCBuildConfiguration;
			buildSettings = {
				ALWAYS_SEARCH_USER_PATHS = NO;
				ASSETCATALOG_COMPILER_GENERATE_SWIFT_ASSET_SYMBOL_EXTENSIONS = YES;
				CLANG_ANALYZER_NONNULL = YES;
				CLANG_ANALYZER_NUMBER_OBJECT_CONVERSION = YES_AGGRESSIVE;
				CLANG_CXX_LANGUAGE_STANDARD = "gnu++20";
				CLANG_ENABLE_MODULES = YES;
				CLANG_ENABLE_OBJC_ARC = YES;
				CLANG_ENABLE_OBJC_WEAK = YES;
				CLANG_WARN_BLOCK_CAPTURE_AUTORELEASING = YES;
				CLANG_WARN_BOOL_CONVERSION = YES;
				CLANG_WARN_COMMA = YES;
				CLANG_WARN_CONSTANT_CONVERSION = YES;
				CLANG_WARN_DEPRECATED_OBJC_IMPLEMENTATIONS = YES;
				CLANG_WARN_DIRECT_OBJC_ISA_USAGE = YES_ERROR;
				CLANG_WARN_DOCUMENTATION_COMMENTS = YES;
				CLANG_WARN_EMPTY_BODY = YES;
				CLANG_WARN_ENUM_CONVERSION = YES;
				CLANG_WARN_INFINITE_RECURSION = YES;
				CLANG_WARN_INT_CONVERSION = YES;
				CLANG_WARN_NON_LITERAL_NULL_CONVERSION = YES;
				CLANG_WARN_OBJC_IMPLICIT_RETAIN_SELF = YES;
				CLANG_WARN_OBJC_LITERAL_CONVERSION = YES;
				CLANG_WARN_OBJC_ROOT_CLASS = YES_ERROR;
				CLANG_WARN_QUOTED_INCLUDE_IN_FRAMEWORK_HEADER = YES;
				CLANG_WARN_RANGE_LOOP_ANALYSIS = YES;
				CLANG_WARN_STRICT_PROTOTYPES = YES;
				CLANG_WARN_SUSPICIOUS_MOVE = YES;
				CLANG_WARN_UNGUARDED_AVAILABILITY = YES_AGGRESSIVE;
				CLANG_WARN_UNREACHABLE_CODE = YES;
				CLANG_WARN__DUPLICATE_METHOD_MATCH = YES;
				COPY_PHASE_STRIP = NO;
				DEBUG_INFORMATION_FORMAT = "dwarf-with-dsym";
				ENABLE_NS_ASSERTIONS = NO;
				ENABLE_STRICT_OBJC_MSGSEND = YES;
				ENABLE_USER_SCRIPT_SANDBOXING = YES;
				GCC_C_LANGUAGE_STANDARD = gnu17;
				GCC_NO_COMMON_BLOCKS = YES;
				GCC_WARN_64_TO_32_BIT_CONVERSION = YES;
				GCC_WARN_ABOUT_RETURN_TYPE = YES_ERROR;
				GCC_WARN_UNDECLARED_SELECTOR = YES;
				GCC_WARN_UNINITIALIZED_AUTOS = YES_AGGRESSIVE;
				GCC_WARN_UNUSED_FUNCTION = YES;
				GCC_WARN_UNUSED_VARIABLE = YES;
				IPHONEOS_DEPLOYMENT_TARGET = 26.1;
				LOCALIZATION_PREFERS_STRING_CATALOGS = YES;
				MTL_ENABLE_DEBUG_INFO = NO;
				MTL_FAST_MATH = YES;
				SDKROOT = iphoneos;
				SWIFT_COMPILATION_MODE = wholemodule;
				VALIDATE_PRODUCT = YES;
			};
			name = Release;
		};
		83E6EFA32EED853D00AE5F9B /* Debug */ = {
			isa = XCBuildConfiguration;
			buildSettings = {
				ASSETCATALOG_COMPILER_APPICON_NAME = AppIconDev;
				ASSETCATALOG_COMPILER_GLOBAL_ACCENT_COLOR_NAME = AccentColor;
				ASSETCATALOG_COMPILER_INCLUDE_ALL_APPICON_ASSETS = NO;
				CODE_SIGN_ALLOW_ENTITLEMENTS_MODIFICATION = YES;
				CODE_SIGN_ENTITLEMENTS = BikeComputer/BikeComputer.entitlements;
				CODE_SIGN_STYLE = Automatic;
				CURRENT_PROJECT_VERSION = 7;
				DEVELOPMENT_TEAM = 4H5PK8686H;
				ENABLE_PREVIEWS = YES;
				ENABLE_USER_SCRIPT_SANDBOXING = NO;
				GENERATE_INFOPLIST_FILE = YES;
				INFOPLIST_FILE = BikeComputer/Info.plist;
				INFOPLIST_KEY_UIApplicationSceneManifest_Generation = YES;
				INFOPLIST_KEY_UIApplicationSupportsIndirectInputEvents = YES;
				INFOPLIST_KEY_UILaunchScreen_Generation = YES;
				INFOPLIST_KEY_UISupportedInterfaceOrientations_iPad = "UIInterfaceOrientationPortrait UIInterfaceOrientationPortraitUpsideDown UIInterfaceOrientationLandscapeLeft UIInterfaceOrientationLandscapeRight";
				INFOPLIST_KEY_UISupportedInterfaceOrientations_iPhone = "UIInterfaceOrientationPortrait UIInterfaceOrientationLandscapeLeft UIInterfaceOrientationLandscapeRight";
				IPHONEOS_DEPLOYMENT_TARGET = 15.0;
				LD_RUNPATH_SEARCH_PATHS = (
					"$(inherited)",
					"@executable_path/Frameworks",
				);
				MARKETING_VERSION = 1.1;
				PRODUCT_BUNDLE_IDENTIFIER = LetItRide.BikeComputer;
				PRODUCT_NAME = "$(TARGET_NAME)";
				STRING_CATALOG_GENERATE_SYMBOLS = YES;
				SUPPORTED_PLATFORMS = "iphoneos iphonesimulator";
				SUPPORTS_MACCATALYST = NO;
				SUPPORTS_MAC_DESIGNED_FOR_IPHONE_IPAD = NO;
				SUPPORTS_XR_DESIGNED_FOR_IPHONE_IPAD = NO;
				SWIFT_ACTIVE_COMPILATION_CONDITIONS = "$(inherited)";
				SWIFT_APPROACHABLE_CONCURRENCY = YES;
				SWIFT_DEFAULT_ACTOR_ISOLATION = MainActor;
				SWIFT_EMIT_LOC_STRINGS = YES;
				SWIFT_UPCOMING_FEATURE_MEMBER_IMPORT_VISIBILITY = YES;
				SWIFT_VERSION = 5.0;
				TARGETED_DEVICE_FAMILY = 1;
			};
			name = Debug;
		};
		83E6EFA42EED853D00AE5F9B /* Release */ = {
			isa = XCBuildConfiguration;
			buildSettings = {
				ASSETCATALOG_COMPILER_APPICON_NAME = AppIcon;
				ASSETCATALOG_COMPILER_GLOBAL_ACCENT_COLOR_NAME = AccentColor;
				ASSETCATALOG_COMPILER_INCLUDE_ALL_APPICON_ASSETS = NO;
				CODE_SIGN_ALLOW_ENTITLEMENTS_MODIFICATION = YES;
				CODE_SIGN_ENTITLEMENTS = BikeComputer/BikeComputer.entitlements;
				CODE_SIGN_STYLE = Automatic;
				CURRENT_PROJECT_VERSION = 7;
				DEVELOPMENT_TEAM = 4H5PK8686H;
				ENABLE_PREVIEWS = YES;
				ENABLE_USER_SCRIPT_SANDBOXING = NO;
				GENERATE_INFOPLIST_FILE = YES;
				INFOPLIST_FILE = BikeComputer/Info.plist;
				INFOPLIST_KEY_UIApplicationSceneManifest_Generation = YES;
				INFOPLIST_KEY_UIApplicationSupportsIndirectInputEvents = YES;
				INFOPLIST_KEY_UILaunchScreen_Generation = YES;
				INFOPLIST_KEY_UISupportedInterfaceOrientations_iPad = "UIInterfaceOrientationPortrait UIInterfaceOrientationPortraitUpsideDown UIInterfaceOrientationLandscapeLeft UIInterfaceOrientationLandscapeRight";
				INFOPLIST_KEY_UISupportedInterfaceOrientations_iPhone = "UIInterfaceOrientationPortrait UIInterfaceOrientationLandscapeLeft UIInterfaceOrientationLandscapeRight";
				IPHONEOS_DEPLOYMENT_TARGET = 15.0;
				LD_RUNPATH_SEARCH_PATHS = (
					"$(inherited)",
					"@executable_path/Frameworks",
				);
				MARKETING_VERSION = 1.1;
				PRODUCT_BUNDLE_IDENTIFIER = LetItRide.BikeComputer;
				PRODUCT_NAME = "$(TARGET_NAME)";
				STRING_CATALOG_GENERATE_SYMBOLS = YES;
				SUPPORTED_PLATFORMS = "iphoneos iphonesimulator";
				SUPPORTS_MACCATALYST = NO;
				SUPPORTS_MAC_DESIGNED_FOR_IPHONE_IPAD = NO;
				SUPPORTS_XR_DESIGNED_FOR_IPHONE_IPAD = NO;
				SWIFT_ACTIVE_COMPILATION_CONDITIONS = "$(inherited)";
				SWIFT_APPROACHABLE_CONCURRENCY = YES;
				SWIFT_DEFAULT_ACTOR_ISOLATION = MainActor;
				SWIFT_EMIT_LOC_STRINGS = YES;
				SWIFT_UPCOMING_FEATURE_MEMBER_IMPORT_VISIBILITY = YES;
				SWIFT_VERSION = 5.0;
				TARGETED_DEVICE_FAMILY = 1;
			};
			name = Release;
		};
		57A000082F00000100000001 /* Debug */ = {
			isa = XCBuildConfiguration;
			buildSettings = {
				ASSETCATALOG_COMPILER_APPICON_NAME = AppIcon;
				CODE_SIGN_ENTITLEMENTS = BikeComputerWatch/BikeComputerWatch.entitlements;
				CODE_SIGN_STYLE = Automatic;
				CURRENT_PROJECT_VERSION = 7;
				DEVELOPMENT_TEAM = 4H5PK8686H;
				ENABLE_PREVIEWS = YES;
				GENERATE_INFOPLIST_FILE = YES;
				INFOPLIST_FILE = BikeComputerWatch/Info.plist;
				INFOPLIST_KEY_CFBundleDisplayName = BikeComputer;
				LD_RUNPATH_SEARCH_PATHS = (
					"$(inherited)",
					"@executable_path/Frameworks",
				);
				MARKETING_VERSION = 1.1;
				PRODUCT_BUNDLE_IDENTIFIER = LetItRide.BikeComputer.watchkitapp;
				PRODUCT_NAME = "$(TARGET_NAME)";
				SDKROOT = watchos;
				SKIP_INSTALL = YES;
				SUPPORTED_PLATFORMS = "watchos watchsimulator";
				SWIFT_APPROACHABLE_CONCURRENCY = YES;
				SWIFT_DEFAULT_ACTOR_ISOLATION = MainActor;
				SWIFT_EMIT_LOC_STRINGS = YES;
				SWIFT_UPCOMING_FEATURE_MEMBER_IMPORT_VISIBILITY = YES;
				SWIFT_VERSION = 5.0;
				TARGETED_DEVICE_FAMILY = 4;
				WATCHOS_DEPLOYMENT_TARGET = 10.0;
			};
			name = Debug;
		};
		57A000092F00000100000001 /* Release */ = {
			isa = XCBuildConfiguration;
			buildSettings = {
				ASSETCATALOG_COMPILER_APPICON_NAME = AppIcon;
				CODE_SIGN_ENTITLEMENTS = BikeComputerWatch/BikeComputerWatch.entitlements;
				CODE_SIGN_STYLE = Automatic;
				CURRENT_PROJECT_VERSION = 7;
				DEVELOPMENT_TEAM = 4H5PK8686H;
				ENABLE_PREVIEWS = YES;
				GENERATE_INFOPLIST_FILE = YES;
				INFOPLIST_FILE = BikeComputerWatch/Info.plist;
				INFOPLIST_KEY_CFBundleDisplayName = BikeComputer;
				LD_RUNPATH_SEARCH_PATHS = (
					"$(inherited)",
					"@executable_path/Frameworks",
				);
				MARKETING_VERSION = 1.1;
				PRODUCT_BUNDLE_IDENTIFIER = LetItRide.BikeComputer.watchkitapp;
				PRODUCT_NAME = "$(TARGET_NAME)";
				SDKROOT = watchos;
				SKIP_INSTALL = YES;
				SUPPORTED_PLATFORMS = "watchos watchsimulator";
				SWIFT_APPROACHABLE_CONCURRENCY = YES;
				SWIFT_DEFAULT_ACTOR_ISOLATION = MainActor;
				SWIFT_EMIT_LOC_STRINGS = YES;
				SWIFT_UPCOMING_FEATURE_MEMBER_IMPORT_VISIBILITY = YES;
				SWIFT_VERSION = 5.0;
				TARGETED_DEVICE_FAMILY = 4;
				VALIDATE_PRODUCT = YES;
				WATCHOS_DEPLOYMENT_TARGET = 10.0;
			};
			name = Release;
		};
		57A0010D2F00000100000001 /* Debug */ = {
			isa = XCBuildConfiguration;
			buildSettings = {
				CODE_SIGN_STYLE = Automatic;
				DEVELOPMENT_TEAM = 4H5PK8686H;
				GENERATE_INFOPLIST_FILE = YES;
				IPHONEOS_DEPLOYMENT_TARGET = 15.0;
				PRODUCT_BUNDLE_IDENTIFIER = LetItRide.BikeComputer.WorkoutContractTests;
				PRODUCT_NAME = "$(TARGET_NAME)";
				SDKROOT = iphoneos;
				SKIP_INSTALL = YES;
				SUPPORTED_PLATFORMS = "iphoneos iphonesimulator";
				SWIFT_ACTIVE_COMPILATION_CONDITIONS = "WORKOUT_CONTRACT_XCTEST $(inherited)";
				SWIFT_DEFAULT_ACTOR_ISOLATION = MainActor;
				SWIFT_VERSION = 5.0;
				TARGETED_DEVICE_FAMILY = 1;
			};
			name = Debug;
		};
		57A0010E2F00000100000001 /* Release */ = {
			isa = XCBuildConfiguration;
			buildSettings = {
				CODE_SIGN_STYLE = Automatic;
				DEVELOPMENT_TEAM = 4H5PK8686H;
				GENERATE_INFOPLIST_FILE = YES;
				IPHONEOS_DEPLOYMENT_TARGET = 15.0;
				PRODUCT_BUNDLE_IDENTIFIER = LetItRide.BikeComputer.WorkoutContractTests;
				PRODUCT_NAME = "$(TARGET_NAME)";
				SDKROOT = iphoneos;
				SKIP_INSTALL = YES;
				SUPPORTED_PLATFORMS = "iphoneos iphonesimulator";
				SWIFT_ACTIVE_COMPILATION_CONDITIONS = "WORKOUT_CONTRACT_XCTEST $(inherited)";
				SWIFT_DEFAULT_ACTOR_ISOLATION = MainActor;
				SWIFT_VERSION = 5.0;
				TARGETED_DEVICE_FAMILY = 1;
			};
			name = Release;
		};
		57A0010F2F00000100000001 /* Debug */ = {
			isa = XCBuildConfiguration;
			buildSettings = {
				CODE_SIGN_STYLE = Automatic;
				DEVELOPMENT_TEAM = 4H5PK8686H;
				GENERATE_INFOPLIST_FILE = YES;
				PRODUCT_BUNDLE_IDENTIFIER = LetItRide.BikeComputer.watchkitapp.WorkoutContractTests;
				PRODUCT_NAME = "$(TARGET_NAME)";
				SDKROOT = watchos;
				SKIP_INSTALL = YES;
				SUPPORTED_PLATFORMS = "watchos watchsimulator";
				SWIFT_ACTIVE_COMPILATION_CONDITIONS = "WORKOUT_CONTRACT_XCTEST $(inherited)";
				SWIFT_DEFAULT_ACTOR_ISOLATION = MainActor;
				SWIFT_VERSION = 5.0;
				TARGETED_DEVICE_FAMILY = 4;
				WATCHOS_DEPLOYMENT_TARGET = 10.0;
			};
			name = Debug;
		};
		57A001102F00000100000001 /* Release */ = {
			isa = XCBuildConfiguration;
			buildSettings = {
				CODE_SIGN_STYLE = Automatic;
				DEVELOPMENT_TEAM = 4H5PK8686H;
				GENERATE_INFOPLIST_FILE = YES;
				PRODUCT_BUNDLE_IDENTIFIER = LetItRide.BikeComputer.watchkitapp.WorkoutContractTests;
				PRODUCT_NAME = "$(TARGET_NAME)";
				SDKROOT = watchos;
				SKIP_INSTALL = YES;
				SUPPORTED_PLATFORMS = "watchos watchsimulator";
				SWIFT_ACTIVE_COMPILATION_CONDITIONS = "WORKOUT_CONTRACT_XCTEST $(inherited)";
				SWIFT_DEFAULT_ACTOR_ISOLATION = MainActor;
				SWIFT_VERSION = 5.0;
				TARGETED_DEVICE_FAMILY = 4;
				WATCHOS_DEPLOYMENT_TARGET = 10.0;
			};
			name = Release;
		};
/* End XCBuildConfiguration section */

/* Begin XCConfigurationList section */
		83E6EF922EED853C00AE5F9B /* Build configuration list for PBXProject "BikeComputer" */ = {
			isa = XCConfigurationList;
			buildConfigurations = (
				83E6EFA02EED853D00AE5F9B /* Debug */,
				83E6EFA12EED853D00AE5F9B /* Release */,
			);
			defaultConfigurationIsVisible = 0;
			defaultConfigurationName = Release;
		};
		83E6EFA22EED853D00AE5F9B /* Build configuration list for PBXNativeTarget "BikeComputer" */ = {
			isa = XCConfigurationList;
			buildConfigurations = (
				83E6EFA32EED853D00AE5F9B /* Debug */,
				83E6EFA42EED853D00AE5F9B /* Release */,
			);
			defaultConfigurationIsVisible = 0;
			defaultConfigurationName = Release;
		};
		57A0000A2F00000100000001 /* Build configuration list for PBXNativeTarget "BikeComputerWatch" */ = {
			isa = XCConfigurationList;
			buildConfigurations = (
				57A000082F00000100000001 /* Debug */,
				57A000092F00000100000001 /* Release */,
			);
			defaultConfigurationIsVisible = 0;
			defaultConfigurationName = Release;
		};
		57A001112F00000100000001 /* Build configuration list for PBXNativeTarget "WorkoutContractiOSTests" */ = {
			isa = XCConfigurationList;
			buildConfigurations = (
				57A0010D2F00000100000001 /* Debug */,
				57A0010E2F00000100000001 /* Release */,
			);
			defaultConfigurationIsVisible = 0;
			defaultConfigurationName = Release;
		};
		57A001122F00000100000001 /* Build configuration list for PBXNativeTarget "WorkoutContractWatchTests" */ = {
			isa = XCConfigurationList;
			buildConfigurations = (
				57A0010F2F00000100000001 /* Debug */,
				57A001102F00000100000001 /* Release */,
			);
			defaultConfigurationIsVisible = 0;
			defaultConfigurationName = Release;
		};
/* End XCConfigurationList section */
	};
	rootObject = 83E6EF8F2EED853C00AE5F9B /* Project object */;
}
